
Microsoft Visual Studio Solution File, Format Version 12.00
# Visual Studio Version 16
VisualStudioVersion = 16.0.28803.352
MinimumVisualStudioVersion = 10.0.40219.1
Project("{2150E333-8FDC-42A3-9474-1A3956D46DE8}") = "Build", "Build", "{7E507A42-984B-470D-8A0C-648B9AF8E1DC}"
	ProjectSection(SolutionItems) = preProject
		.gitattributes = .gitattributes
		.gitignore = .gitignore
		appveyor.yml = appveyor.yml
		BuildPackages.cmd = BuildPackages.cmd
		CHANGELOG.md = CHANGELOG.md
		LICENSE = LICENSE
		README.md = README.md
	EndProjectSection
EndProject
Project("{9A19103F-16F7-4668-BE54-9A1E7A4F7556}") = "BuildScripts", "buildscripts\BuildScripts.csproj", "{79F531A9-D0BC-4312-B347-7A27B4267074}"
EndProject
Project("{9A19103F-16F7-4668-BE54-9A1E7A4F7556}") = "Lucene.Net.Linq", "src\Lucene.Net.Linq\Lucene.Net.Linq.csproj", "{6916D018-5E52-4BE4-A23E-9AB1A9BCD421}"
EndProject
Project("{9A19103F-16F7-4668-BE54-9A1E7A4F7556}") = "Lucene.Net.Linq.Tests", "src\Lucene.Net.Linq.Tests\Lucene.Net.Linq.Tests.csproj", "{93D51B88-1308-4A7B-BEC3-B0BD1C651802}"
EndProject
Global
	GlobalSection(SolutionConfigurationPlatforms) = preSolution
		Debug|Any CPU = Debug|Any CPU
		Release|Any CPU = Release|Any CPU
	EndGlobalSection
	GlobalSection(ProjectConfigurationPlatforms) = postSolution
		{79F531A9-D0BC-4312-B347-7A27B4267074}.Debug|Any CPU.ActiveCfg = Debug|Any CPU
		{79F531A9-D0BC-4312-B347-7A27B4267074}.Debug|Any CPU.Build.0 = Debug|Any CPU
		{79F531A9-D0BC-4312-B347-7A27B4267074}.Release|Any CPU.ActiveCfg = Release|Any CPU
		{79F531A9-D0BC-4312-B347-7A27B4267074}.Release|Any CPU.Build.0 = Release|Any CPU
		{6916D018-5E52-4BE4-A23E-9AB1A9BCD421}.Debug|Any CPU.ActiveCfg = Debug|Any CPU
		{6916D018-5E52-4BE4-A23E-9AB1A9BCD421}.Debug|Any CPU.Build.0 = Debug|Any CPU
		{6916D018-5E52-4BE4-A23E-9AB1A9BCD421}.Release|Any CPU.ActiveCfg = Release|Any CPU
		{6916D018-5E52-4BE4-A23E-9AB1A9BCD421}.Release|Any CPU.Build.0 = Release|Any CPU
		{93D51B88-1308-4A7B-BEC3-B0BD1C651802}.Debug|Any CPU.ActiveCfg = Debug|Any CPU
		{93D51B88-1308-4A7B-BEC3-B0BD1C651802}.Debug|Any CPU.Build.0 = Debug|Any CPU
		{93D51B88-1308-4A7B-BEC3-B0BD1C651802}.Release|Any CPU.ActiveCfg = Release|Any CPU
		{93D51B88-1308-4A7B-BEC3-B0BD1C651802}.Release|Any CPU.Build.0 = Release|Any CPU
	EndGlobalSection
	GlobalSection(SolutionProperties) = preSolution
		HideSolutionNode = FALSE
	EndGlobalSection
	GlobalSection(NestedProjects) = preSolution
		{79F531A9-D0BC-4312-B347-7A27B4267074} = {7E507A42-984B-470D-8A0C-648B9AF8E1DC}
	EndGlobalSection
	GlobalSection(ExtensibilityGlobals) = postSolution
		SolutionGuid = {92655C79-2D7F-401F-9542-B373DCDF7ECE}
	EndGlobalSection
EndGlobal
